
Microsoft Visual Studio Solution File, Format Version 12.00
# Visual Studio 15
VisualStudioVersion = 15.0.28307.136
MinimumVisualStudioVersion = 10.0.40219.1
Project("{9A19103F-16F7-4668-BE54-9A1E7A4F7556}") = "Ocelot.Extensions.Configuration", "src\Ocelot.Extensions.Configuration\Ocelot.Extensions.Configuration.csproj", "{D02277A9-F5DE-4EEA-B977-9DE90CB19B52}"
EndProject
Project("{2150E333-8FDC-42A3-9474-1A3956D46DE8}") = "samples", "samples", "{126C1498-92CD-4515-925D-B61EA4DD99C1}"
EndProject
Project("{9A19103F-16F7-4668-BE54-9A1E7A4F7556}") = "PollingConfigurationFromAzure", "samples\PollingConfigurationFromAzure\PollingConfigurationFromAzure.csproj", "{845B3390-84BE-44F4-A8CF-370FC96DC5F9}"
EndProject
Project("{2150E333-8FDC-42A3-9474-1A3956D46DE8}") = "test", "test", "{439445B3-CDDC-41B5-9E8B-1E481450809A}"
EndProject
Project("{2150E333-8FDC-42A3-9474-1A3956D46DE8}") = "root", "root", "{1B4171E4-6579-44DB-98F8-0772A1CF809D}"
	ProjectSection(SolutionItems) = preProject
		.gitignore = .gitignore
		LICENSE.md = LICENSE.md
		README.md = README.md
	EndProjectSection
EndProject
Project("{9A19103F-16F7-4668-BE54-9A1E7A4F7556}") = "Ocelot.Extensions.Tests", "test\Ocelot.Extensions.Tests\Ocelot.Extensions.Tests.csproj", "{340730B0-FC71-4EDF-A4D0-6D574B55B218}"
EndProject
Project("{2150E333-8FDC-42A3-9474-1A3956D46DE8}") = "Solution Items", "Solution Items", "{56F958E9-56CA-48A8-A1DA-49CF26ADB743}"
EndProject
Project("{9A19103F-16F7-4668-BE54-9A1E7A4F7556}") = "Ocelot.Extensions.Common", "src\Ocelot.Extensions.Common\Ocelot.Extensions.Common.csproj", "{B54E3A79-2B24-479D-8BD7-4D5945449279}"
EndProject
Project("{9A19103F-16F7-4668-BE54-9A1E7A4F7556}") = "Ocelot.Extensions.Transform", "src\Ocelot.Extensions.Transform\Ocelot.Extensions.Transform.csproj", "{39257F93-9F7E-4B4B-B94A-3B1B78208E9D}"
EndProject
Project("{FAE04EC0-301F-11D3-BF4B-00C04F79EFBC}") = "OcelotExtendedSample", "OcelotExtendedSample\OcelotExtendedSample.csproj", "{66944016-A1F1-4F4F-A99C-026C3CA53560}"
EndProject
Global
	GlobalSection(SolutionConfigurationPlatforms) = preSolution
		Debug|Any CPU = Debug|Any CPU
		Release|Any CPU = Release|Any CPU
	EndGlobalSection
	GlobalSection(ProjectConfigurationPlatforms) = postSolution
		{D02277A9-F5DE-4EEA-B977-9DE90CB19B52}.Debug|Any CPU.ActiveCfg = Debug|Any CPU
		{D02277A9-F5DE-4EEA-B977-9DE90CB19B52}.Debug|Any CPU.Build.0 = Debug|Any CPU
		{D02277A9-F5DE-4EEA-B977-9DE90CB19B52}.Release|Any CPU.ActiveCfg = Release|Any CPU
		{D02277A9-F5DE-4EEA-B977-9DE90CB19B52}.Release|Any CPU.Build.0 = Release|Any CPU
		{845B3390-84BE-44F4-A8CF-370FC96DC5F9}.Debug|Any CPU.ActiveCfg = Debug|Any CPU
		{845B3390-84BE-44F4-A8CF-370FC96DC5F9}.Debug|Any CPU.Build.0 = Debug|Any CPU
		{845B3390-84BE-44F4-A8CF-370FC96DC5F9}.Release|Any CPU.ActiveCfg = Release|Any CPU
		{845B3390-84BE-44F4-A8CF-370FC96DC5F9}.Release|Any CPU.Build.0 = Release|Any CPU
		{340730B0-FC71-4EDF-A4D0-6D574B55B218}.Debug|Any CPU.ActiveCfg = Debug|Any CPU
		{340730B0-FC71-4EDF-A4D0-6D574B55B218}.Debug|Any CPU.Build.0 = Debug|Any CPU
		{340730B0-FC71-4EDF-A4D0-6D574B55B218}.Release|Any CPU.ActiveCfg = Release|Any CPU
		{340730B0-FC71-4EDF-A4D0-6D574B55B218}.Release|Any CPU.Build.0 = Release|Any CPU
		{B54E3A79-2B24-479D-8BD7-4D5945449279}.Debug|Any CPU.ActiveCfg = Debug|Any CPU
		{B54E3A79-2B24-479D-8BD7-4D5945449279}.Debug|Any CPU.Build.0 = Debug|Any CPU
		{B54E3A79-2B24-479D-8BD7-4D5945449279}.Release|Any CPU.ActiveCfg = Release|Any CPU
		{B54E3A79-2B24-479D-8BD7-4D5945449279}.Release|Any CPU.Build.0 = Release|Any CPU
		{39257F93-9F7E-4B4B-B94A-3B1B78208E9D}.Debug|Any CPU.ActiveCfg = Debug|Any CPU
		{39257F93-9F7E-4B4B-B94A-3B1B78208E9D}.Debug|Any CPU.Build.0 = Debug|Any CPU
		{39257F93-9F7E-4B4B-B94A-3B1B78208E9D}.Release|Any CPU.ActiveCfg = Release|Any CPU
		{39257F93-9F7E-4B4B-B94A-3B1B78208E9D}.Release|Any CPU.Build.0 = Release|Any CPU
		{66944016-A1F1-4F4F-A99C-026C3CA53560}.Debug|Any CPU.ActiveCfg = Debug|Any CPU
		{66944016-A1F1-4F4F-A99C-026C3CA53560}.Debug|Any CPU.Build.0 = Debug|Any CPU
		{66944016-A1F1-4F4F-A99C-026C3CA53560}.Release|Any CPU.ActiveCfg = Release|Any CPU
		{66944016-A1F1-4F4F-A99C-026C3CA53560}.Release|Any CPU.Build.0 = Release|Any CPU
	EndGlobalSection
	GlobalSection(SolutionProperties) = preSolution
		HideSolutionNode = FALSE
	EndGlobalSection
	GlobalSection(NestedProjects) = preSolution
		{845B3390-84BE-44F4-A8CF-370FC96DC5F9} = {126C1498-92CD-4515-925D-B61EA4DD99C1}
		{340730B0-FC71-4EDF-A4D0-6D574B55B218} = {439445B3-CDDC-41B5-9E8B-1E481450809A}
		{66944016-A1F1-4F4F-A99C-026C3CA53560} = {126C1498-92CD-4515-925D-B61EA4DD99C1}
	EndGlobalSection
	GlobalSection(ExtensibilityGlobals) = postSolution
		SolutionGuid = {EEE5CAAB-A07F-4237-B4F6-CAB652BEC32B}
	EndGlobalSection
EndGlobal
